
Microsoft Visual Studio Solution File, Format Version 12.00
# Visual Studio Version 17
VisualStudioVersion = 17.0.31903.59
MinimumVisualStudioVersion = 10.0.40219.1
Project("{FAE04EC0-301F-11D3-BF4B-00C04F79EFBC}") = "Dotty.Terminal", "Dotty.Terminal\Dotty.Terminal.csproj", "{2F76327E-0148-4CBB-8B6E-D86D402B744E}"
EndProject
Project("{FAE04EC0-301F-11D3-BF4B-00C04F79EFBC}") = "Dotty.Terminal.Tests", "Dotty.Terminal.Tests\Dotty.Terminal.Tests.csproj", "{5AA2FDC4-4C8F-4946-B2BB-035E0ACBDAEA}"
EndProject
Project("{FAE04EC0-301F-11D3-BF4B-00C04F79EFBC}") = "Dotty.Terminal.Avalonia", "Dotty.Terminal.Avalonia\Dotty.Terminal.Avalonia.csproj", "{BA57EA99-DD05-453A-AF50-43DB6794F8F7}"
EndProject
Project("{FAE04EC0-301F-11D3-BF4B-00C04F79EFBC}") = "Dotty.Terminal.Mcp", "Dotty.Terminal.Mcp\Dotty.Terminal.Mcp.csproj", "{D65EBD71-34EB-47BB-AA8D-786C37F23A42}"
EndProject
Project("{FAE04EC0-301F-11D3-BF4B-00C04F79EFBC}") = "Dotty.Avalonia.Tests", "Dotty.Avalonia.Tests\Dotty.Avalonia.Tests.csproj", "{32087EDC-43EB-4E46-9E29-82F9F055E068}"
EndProject
Project("{2150E333-8FDC-42A3-9474-1A3956D46DE8}") = "samples", "samples", "{5D20AA90-6969-D8BD-9DCD-8634F4692FDA}"
EndProject
Project("{FAE04EC0-301F-11D3-BF4B-00C04F79EFBC}") = "Dotty.Avalonia", "samples\Dotty.Avalonia\Dotty.Avalonia.csproj", "{77834B50-96CD-4D8F-993B-9A05AD3B7D68}"
EndProject
Global
	GlobalSection(SolutionConfigurationPlatforms) = preSolution
		Debug|Any CPU = Debug|Any CPU
		Debug|x64 = Debug|x64
		Debug|x86 = Debug|x86
		Release|Any CPU = Release|Any CPU
		Release|x64 = Release|x64
		Release|x86 = Release|x86
	EndGlobalSection
	GlobalSection(ProjectConfigurationPlatforms) = postSolution
		{2F76327E-0148-4CBB-8B6E-D86D402B744E}.Debug|Any CPU.ActiveCfg = Debug|Any CPU
		{2F76327E-0148-4CBB-8B6E-D86D402B744E}.Debug|Any CPU.Build.0 = Debug|Any CPU
		{2F76327E-0148-4CBB-8B6E-D86D402B744E}.Debug|x64.ActiveCfg = Debug|Any CPU
		{2F76327E-0148-4CBB-8B6E-D86D402B744E}.Debug|x64.Build.0 = Debug|Any CPU
		{2F76327E-0148-4CBB-8B6E-D86D402B744E}.Debug|x86.ActiveCfg = Debug|Any CPU
		{2F76327E-0148-4CBB-8B6E-D86D402B744E}.Debug|x86.Build.0 = Debug|Any CPU
		{2F76327E-0148-4CBB-8B6E-D86D402B744E}.Release|Any CPU.ActiveCfg = Release|Any CPU
		{2F76327E-0148-4CBB-8B6E-D86D402B744E}.Release|Any CPU.Build.0 = Release|Any CPU
		{2F76327E-0148-4CBB-8B6E-D86D402B744E}.Release|x64.ActiveCfg = Release|Any CPU
		{2F76327E-0148-4CBB-8B6E-D86D402B744E}.Release|x64.Build.0 = Release|Any CPU
		{2F76327E-0148-4CBB-8B6E-D86D402B744E}.Release|x86.ActiveCfg = Release|Any CPU
		{2F76327E-0148-4CBB-8B6E-D86D402B744E}.Release|x86.Build.0 = Release|Any CPU
		{5AA2FDC4-4C8F-4946-B2BB-035E0ACBDAEA}.Debug|Any CPU.ActiveCfg = Debug|Any CPU
		{5AA2FDC4-4C8F-4946-B2BB-035E0ACBDAEA}.Debug|Any CPU.Build.0 = Debug|Any CPU
		{5AA2FDC4-4C8F-4946-B2BB-035E0ACBDAEA}.Debug|x64.ActiveCfg = Debug|Any CPU
		{5AA2FDC4-4C8F-4946-B2BB-035E0ACBDAEA}.Debug|x64.Build.0 = Debug|Any CPU
		{5AA2FDC4-4C8F-4946-B2BB-035E0ACBDAEA}.Debug|x86.ActiveCfg = Debug|Any CPU
		{5AA2FDC4-4C8F-4946-B2BB-035E0ACBDAEA}.Debug|x86.Build.0 = Debug|Any CPU
		{5AA2FDC4-4C8F-4946-B2BB-035E0ACBDAEA}.Release|Any CPU.ActiveCfg = Release|Any CPU
		{5AA2FDC4-4C8F-4946-B2BB-035E0ACBDAEA}.Release|Any CPU.Build.0 = Release|Any CPU
		{5AA2FDC4-4C8F-4946-B2BB-035E0ACBDAEA}.Release|x64.ActiveCfg = Release|Any CPU
		{5AA2FDC4-4C8F-4946-B2BB-035E0ACBDAEA}.Release|x64.Build.0 = Release|Any CPU
		{5AA2FDC4-4C8F-4946-B2BB-035E0ACBDAEA}.Release|x86.ActiveCfg = Release|Any CPU
		{5AA2FDC4-4C8F-4946-B2BB-035E0ACBDAEA}.Release|x86.Build.0 = Release|Any CPU
		{BA57EA99-DD05-453A-AF50-43DB6794F8F7}.Debug|Any CPU.ActiveCfg = Debug|Any CPU
		{BA57EA99-DD05-453A-AF50-43DB6794F8F7}.Debug|Any CPU.Build.0 = Debug|Any CPU
		{BA57EA99-DD05-453A-AF50-43DB6794F8F7}.Debug|x64.ActiveCfg = Debug|Any CPU
		{BA57EA99-DD05-453A-AF50-43DB6794F8F7}.Debug|x64.Build.0 = Debug|Any CPU
		{BA57EA99-DD05-453A-AF50-43DB6794F8F7}.Debug|x86.ActiveCfg = Debug|Any CPU
		{BA57EA99-DD05-453A-AF50-43DB6794F8F7}.Debug|x86.Build.0 = Debug|Any CPU
		{BA57EA99-DD05-453A-AF50-43DB6794F8F7}.Release|Any CPU.ActiveCfg = Release|Any CPU
		{BA57EA99-DD05-453A-AF50-43DB6794F8F7}.Release|Any CPU.Build.0 = Release|Any CPU
		{BA57EA99-DD05-453A-AF50-43DB6794F8F7}.Release|x64.ActiveCfg = Release|Any CPU
		{BA57EA99-DD05-453A-AF50-43DB6794F8F7}.Release|x64.Build.0 = Release|Any CPU
		{BA57EA99-DD05-453A-AF50-43DB6794F8F7}.Release|x86.ActiveCfg = Release|Any CPU
		{BA57EA99-DD05-453A-AF50-43DB6794F8F7}.Release|x86.Build.0 = Release|Any CPU
		{D65EBD71-34EB-47BB-AA8D-786C37F23A42}.Debug|Any CPU.ActiveCfg = Debug|Any CPU
		{D65EBD71-34EB-47BB-AA8D-786C37F23A42}.Debug|Any CPU.Build.0 = Debug|Any CPU
		{D65EBD71-34EB-47BB-AA8D-786C37F23A42}.Debug|x64.ActiveCfg = Debug|Any CPU
		{D65EBD71-34EB-47BB-AA8D-786C37F23A42}.Debug|x64.Build.0 = Debug|Any CPU
		{D65EBD71-34EB-47BB-AA8D-786C37F23A42}.Debug|x86.ActiveCfg = Debug|Any CPU
		{D65EBD71-34EB-47BB-AA8D-786C37F23A42}.Debug|x86.Build.0 = Debug|Any CPU
		{D65EBD71-34EB-47BB-AA8D-786C37F23A42}.Release|Any CPU.ActiveCfg = Release|Any CPU
		{D65EBD71-34EB-47BB-AA8D-786C37F23A42}.Release|Any CPU.Build.0 = Release|Any CPU
		{D65EBD71-34EB-47BB-AA8D-786C37F23A42}.Release|x64.ActiveCfg = Release|Any CPU
		{D65EBD71-34EB-47BB-AA8D-786C37F23A42}.Release|x64.Build.0 = Release|Any CPU
		{D65EBD71-34EB-47BB-AA8D-786C37F23A42}.Release|x86.ActiveCfg = Release|Any CPU
		{D65EBD71-34EB-47BB-AA8D-786C37F23A42}.Release|x86.Build.0 = Release|Any CPU
		{32087EDC-43EB-4E46-9E29-82F9F055E068}.Debug|Any CPU.ActiveCfg = Debug|Any CPU
		{32087EDC-43EB-4E46-9E29-82F9F055E068}.Debug|Any CPU.Build.0 = Debug|Any CPU
		{32087EDC-43EB-4E46-9E29-82F9F055E068}.Debug|x64.ActiveCfg = Debug|Any CPU
		{32087EDC-43EB-4E46-9E29-82F9F055E068}.Debug|x64.Build.0 = Debug|Any CPU
		{32087EDC-43EB-4E46-9E29-82F9F055E068}.Debug|x86.ActiveCfg = Debug|Any CPU
		{32087EDC-43EB-4E46-9E29-82F9F055E068}.Debug|x86.Build.0 = Debug|Any CPU
		{32087EDC-43EB-4E46-9E29-82F9F055E068}.Release|Any CPU.ActiveCfg = Release|Any CPU
		{32087EDC-43EB-4E46-9E29-82F9F055E068}.Release|Any CPU.Build.0 = Release|Any CPU
		{32087EDC-43EB-4E46-9E29-82F9F055E068}.Release|x64.ActiveCfg = Release|Any CPU
		{32087EDC-43EB-4E46-9E29-82F9F055E068}.Release|x64.Build.0 = Release|Any CPU
		{32087EDC-43EB-4E46-9E29-82F9F055E068}.Release|x86.ActiveCfg = Release|Any CPU
		{32087EDC-43EB-4E46-9E29-82F9F055E068}.Release|x86.Build.0 = Release|Any CPU
		{77834B50-96CD-4D8F-993B-9A05AD3B7D68}.Debug|Any CPU.ActiveCfg = Debug|Any CPU
		{77834B50-96CD-4D8F-993B-9A05AD3B7D68}.Debug|Any CPU.Build.0 = Debug|Any CPU
		{77834B50-96CD-4D8F-993B-9A05AD3B7D68}.Debug|x64.ActiveCfg = Debug|Any CPU
		{77834B50-96CD-4D8F-993B-9A05AD3B7D68}.Debug|x64.Build.0 = Debug|Any CPU
		{77834B50-96CD-4D8F-993B-9A05AD3B7D68}.Debug|x86.ActiveCfg = Debug|Any CPU
		{77834B50-96CD-4D8F-993B-9A05AD3B7D68}.Debug|x86.Build.0 = Debug|Any CPU
		{77834B50-96CD-4D8F-993B-9A05AD3B7D68}.Release|Any CPU.ActiveCfg = Release|Any CPU
		{77834B50-96CD-4D8F-993B-9A05AD3B7D68}.Release|Any CPU.Build.0 = Release|Any CPU
		{77834B50-96CD-4D8F-993B-9A05AD3B7D68}.Release|x64.ActiveCfg = Release|Any CPU
		{77834B50-96CD-4D8F-993B-9A05AD3B7D68}.Release|x64.Build.0 = Release|Any CPU
		{77834B50-96CD-4D8F-993B-9A05AD3B7D68}.Release|x86.ActiveCfg = Release|Any CPU
		{77834B50-96CD-4D8F-993B-9A05AD3B7D68}.Release|x86.Build.0 = Release|Any CPU
	EndGlobalSection
	GlobalSection(SolutionProperties) = preSolution
		HideSolutionNode = FALSE
	EndGlobalSection
	GlobalSection(NestedProjects) = preSolution
		{77834B50-96CD-4D8F-993B-9A05AD3B7D68} = {5D20AA90-6969-D8BD-9DCD-8634F4692FDA}
	EndGlobalSection
EndGlobal
